// !$*UTF8*$!
{
	archiveVersion = 1;
	classes = {
	};
	objectVersion = 51;
	objects = {

/* Begin PBXBuildFile section */
		9152E87325386E37D11536D6 /* Pods_iDress.framework in Frameworks */ = {isa = PBXBuildFile; fileRef = FE97ED90CD40CB60F1F67CFE /* Pods_iDress.framework */; };
		DAB7DDAF2395C82A0033FCDD /* AppDelegate.swift in Sources */ = {isa = PBXBuildFile; fileRef = DAB7DDAE2395C82A0033FCDD /* AppDelegate.swift */; };
		DAB7DDB12395C82A0033FCDD /* ViewController.swift in Sources */ = {isa = PBXBuildFile; fileRef = DAB7DDB02395C82A0033FCDD /* ViewController.swift */; };
		DAB7DDB42395C82A0033FCDD /* Main.storyboard in Resources */ = {isa = PBXBuildFile; fileRef = DAB7DDB22395C82A0033FCDD /* Main.storyboard */; };
		DAB7DDB62395C82D0033FCDD /* Assets.xcassets in Resources */ = {isa = PBXBuildFile; fileRef = DAB7DDB52395C82D0033FCDD /* Assets.xcassets */; };
		DAB7DDB92395C82D0033FCDD /* LaunchScreen.storyboard in Resources */ = {isa = PBXBuildFile; fileRef = DAB7DDB72395C82D0033FCDD /* LaunchScreen.storyboard */; };
		DAB7DDC42395C82D0033FCDD /* iDressTests.swift in Sources */ = {isa = PBXBuildFile; fileRef = DAB7DDC32395C82D0033FCDD /* iDressTests.swift */; };
		DAB7DDCF2395C82D0033FCDD /* iDressUITests.swift in Sources */ = {isa = PBXBuildFile; fileRef = DAB7DDCE2395C82D0033FCDD /* iDressUITests.swift */; };
		DAB7DDDD2395CBCB0033FCDD /* PictureViewController.swift in Sources */ = {isa = PBXBuildFile; fileRef = DAB7DDDC2395CBCB0033FCDD /* PictureViewController.swift */; };
		DAB7DDDF2395D2250033FCDD /* Outfit.swift in Sources */ = {isa = PBXBuildFile; fileRef = DAB7DDDE2395D2250033FCDD /* Outfit.swift */; };
		DAB7DDE123977D3A0033FCDD /* outfitStruct.swift in Sources */ = {isa = PBXBuildFile; fileRef = DAB7DDE023977D3A0033FCDD /* outfitStruct.swift */; };
		DAB7DDE32397809A0033FCDD /* QuestionViewController.swift in Sources */ = {isa = PBXBuildFile; fileRef = DAB7DDE22397809A0033FCDD /* QuestionViewController.swift */; };
		DAB7DDE5239785DE0033FCDD /* TransitionViewController.swift in Sources */ = {isa = PBXBuildFile; fileRef = DAB7DDE4239785DE0033FCDD /* TransitionViewController.swift */; };
		DAB7DDE723978A600033FCDD /* OutfitSelectionViewController.swift in Sources */ = {isa = PBXBuildFile; fileRef = DAB7DDE623978A600033FCDD /* OutfitSelectionViewController.swift */; };
		DAB7DDE92397EBC10033FCDD /* VibeViewController.swift in Sources */ = {isa = PBXBuildFile; fileRef = DAB7DDE82397EBC10033FCDD /* VibeViewController.swift */; };
		DAB7DDEB2397EDEA0033FCDD /* EndViewController.swift in Sources */ = {isa = PBXBuildFile; fileRef = DAB7DDEA2397EDEA0033FCDD /* EndViewController.swift */; };
		DAB7DDED239814590033FCDD /* weatherInfo.swift in Sources */ = {isa = PBXBuildFile; fileRef = DAB7DDEC239814590033FCDD /* weatherInfo.swift */; };
/* End PBXBuildFile section */

/* Begin PBXContainerItemProxy section */
		DAB7DDC02395C82D0033FCDD /* PBXContainerItemProxy */ = {
			isa = PBXContainerItemProxy;
			containerPortal = DAB7DDA32395C82A0033FCDD /* Project object */;
			proxyType = 1;
			remoteGlobalIDString = DAB7DDAA2395C82A0033FCDD;
			remoteInfo = iDress;
		};
		DAB7DDCB2395C82D0033FCDD /* PBXContainerItemProxy */ = {
			isa = PBXContainerItemProxy;
			containerPortal = DAB7DDA32395C82A0033FCDD /* Project object */;
			proxyType = 1;
			remoteGlobalIDString = DAB7DDAA2395C82A0033FCDD;
			remoteInfo = iDress;
		};
/* End PBXContainerItemProxy section */

/* Begin PBXFileReference section */
		BC17152E3D1BAF0851AD839C /* Pods-iDress.debug.xcconfig */ = {isa = PBXFileReference; includeInIndex = 1; lastKnownFileType = text.xcconfig; name = "Pods-iDress.debug.xcconfig"; path = "Target Support Files/Pods-iDress/Pods-iDress.debug.xcconfig"; sourceTree = "<group>"; };
		DAB7DDAB2395C82A0033FCDD /* iDress.app */ = {isa = PBXFileReference; explicitFileType = wrapper.application; includeInIndex = 0; path = iDress.app; sourceTree = BUILT_PRODUCTS_DIR; };
		DAB7DDAE2395C82A0033FCDD /* AppDelegate.swift */ = {isa = PBXFileReference; lastKnownFileType = sourcecode.swift; path = AppDelegate.swift; sourceTree = "<group>"; };
		DAB7DDB02395C82A0033FCDD /* ViewController.swift */ = {isa = PBXFileReference; lastKnownFileType = sourcecode.swift; path = ViewController.swift; sourceTree = "<group>"; };
		DAB7DDB32395C82A0033FCDD /* Base */ = {isa = PBXFileReference; lastKnownFileType = file.storyboard; name = Base; path = Base.lproj/Main.storyboard; sourceTree = "<group>"; };
		DAB7DDB52395C82D0033FCDD /* Assets.xcassets */ = {isa = PBXFileReference; lastKnownFileType = folder.assetcatalog; path = Assets.xcassets; sourceTree = "<group>"; };
		DAB7DDB82395C82D0033FCDD /* Base */ = {isa = PBXFileReference; lastKnownFileType = file.storyboard; name = Base; path = Base.lproj/LaunchScreen.storyboard; sourceTree = "<group>"; };
		DAB7DDBA2395C82D0033FCDD /* Info.plist */ = {isa = PBXFileReference; lastKnownFileType = text.plist.xml; path = Info.plist; sourceTree = "<group>"; };
		DAB7DDBF2395C82D0033FCDD /* iDressTests.xctest */ = {isa = PBXFileReference; explicitFileType = wrapper.cfbundle; includeInIndex = 0; path = iDressTests.xctest; sourceTree = BUILT_PRODUCTS_DIR; };
		DAB7DDC32395C82D0033FCDD /* iDressTests.swift */ = {isa = PBXFileReference; lastKnownFileType = sourcecode.swift; path = iDressTests.swift; sourceTree = "<group>"; };
		DAB7DDC52395C82D0033FCDD /* Info.plist */ = {isa = PBXFileReference; lastKnownFileType = text.plist.xml; path = Info.plist; sourceTree = "<group>"; };
		DAB7DDCA2395C82D0033FCDD /* iDressUITests.xctest */ = {isa = PBXFileReference; explicitFileType = wrapper.cfbundle; includeInIndex = 0; path = iDressUITests.xctest; sourceTree = BUILT_PRODUCTS_DIR; };
		DAB7DDCE2395C82D0033FCDD /* iDressUITests.swift */ = {isa = PBXFileReference; lastKnownFileType = sourcecode.swift; path = iDressUITests.swift; sourceTree = "<group>"; };
		DAB7DDD02395C82D0033FCDD /* Info.plist */ = {isa = PBXFileReference; lastKnownFileType = text.plist.xml; path = Info.plist; sourceTree = "<group>"; };
		DAB7DDDC2395CBCB0033FCDD /* PictureViewController.swift */ = {isa = PBXFileReference; lastKnownFileType = sourcecode.swift; path = PictureViewController.swift; sourceTree = "<group>"; };
		DAB7DDDE2395D2250033FCDD /* Outfit.swift */ = {isa = PBXFileReference; lastKnownFileType = sourcecode.swift; path = Outfit.swift; sourceTree = "<group>"; };
		DAB7DDE023977D3A0033FCDD /* outfitStruct.swift */ = {isa = PBXFileReference; lastKnownFileType = sourcecode.swift; path = outfitStruct.swift; sourceTree = "<group>"; };
		DAB7DDE22397809A0033FCDD /* QuestionViewController.swift */ = {isa = PBXFileReference; lastKnownFileType = sourcecode.swift; path = QuestionViewController.swift; sourceTree = "<group>"; };
		DAB7DDE4239785DE0033FCDD /* TransitionViewController.swift */ = {isa = PBXFileReference; lastKnownFileType = sourcecode.swift; path = TransitionViewController.swift; sourceTree = "<group>"; };
		DAB7DDE623978A600033FCDD /* OutfitSelectionViewController.swift */ = {isa = PBXFileReference; lastKnownFileType = sourcecode.swift; path = OutfitSelectionViewController.swift; sourceTree = "<group>"; };
		DAB7DDE82397EBC10033FCDD /* VibeViewController.swift */ = {isa = PBXFileReference; lastKnownFileType = sourcecode.swift; path = VibeViewController.swift; sourceTree = "<group>"; };
		DAB7DDEA2397EDEA0033FCDD /* EndViewController.swift */ = {isa = PBXFileReference; lastKnownFileType = sourcecode.swift; path = EndViewController.swift; sourceTree = "<group>"; };
		DAB7DDEC239814590033FCDD /* weatherInfo.swift */ = {isa = PBXFileReference; lastKnownFileType = sourcecode.swift; path = weatherInfo.swift; sourceTree = "<group>"; };
		FB06E5F544314EBED8FA5881 /* Pods-iDress.release.xcconfig */ = {isa = PBXFileReference; includeInIndex = 1; lastKnownFileType = text.xcconfig; name = "Pods-iDress.release.xcconfig"; path = "Target Support Files/Pods-iDress/Pods-iDress.release.xcconfig"; sourceTree = "<group>"; };
		FE97ED90CD40CB60F1F67CFE /* Pods_iDress.framework */ = {isa = PBXFileReference; explicitFileType = wrapper.framework; includeInIndex = 0; path = Pods_iDress.framework; sourceTree = BUILT_PRODUCTS_DIR; };
/* End PBXFileReference section */

/* Begin PBXFrameworksBuildPhase section */
		DAB7DDA82395C82A0033FCDD /* Frameworks */ = {
			isa = PBXFrameworksBuildPhase;
			buildActionMask = 2147483647;
			files = (
				9152E87325386E37D11536D6 /* Pods_iDress.framework in Frameworks */,
			);
			runOnlyForDeploymentPostprocessing = 0;
		};
		DAB7DDBC2395C82D0033FCDD /* Frameworks */ = {
			isa = PBXFrameworksBuildPhase;
			buildActionMask = 2147483647;
			files = (
			);
			runOnlyForDeploymentPostprocessing = 0;
		};
		DAB7DDC72395C82D0033FCDD /* Frameworks */ = {
			isa = PBXFrameworksBuildPhase;
			buildActionMask = 2147483647;
			files = (
			);
			runOnlyForDeploymentPostprocessing = 0;
		};
/* End PBXFrameworksBuildPhase section */

/* Begin PBXGroup section */
		155C27F6AA9C43B337AC02D6 /* Frameworks */ = {
			isa = PBXGroup;
			children = (
				FE97ED90CD40CB60F1F67CFE /* Pods_iDress.framework */,
			);
			name = Frameworks;
			sourceTree = "<group>";
		};
		C0D3D309E7EEA4CA8B7D968B /* Pods */ = {
			isa = PBXGroup;
			children = (
				BC17152E3D1BAF0851AD839C /* Pods-iDress.debug.xcconfig */,
				FB06E5F544314EBED8FA5881 /* Pods-iDress.release.xcconfig */,
			);
			path = Pods;
			sourceTree = "<group>";
		};
		DAB7DDA22395C82A0033FCDD = {
			isa = PBXGroup;
			children = (
				DAB7DDAD2395C82A0033FCDD /* iDress */,
				DAB7DDC22395C82D0033FCDD /* iDressTests */,
				DAB7DDCD2395C82D0033FCDD /* iDressUITests */,
				DAB7DDAC2395C82A0033FCDD /* Products */,
				C0D3D309E7EEA4CA8B7D968B /* Pods */,
				155C27F6AA9C43B337AC02D6 /* Frameworks */,
			);
			sourceTree = "<group>";
		};
		DAB7DDAC2395C82A0033FCDD /* Products */ = {
			isa = PBXGroup;
			children = (
				DAB7DDAB2395C82A0033FCDD /* iDress.app */,
				DAB7DDBF2395C82D0033FCDD /* iDressTests.xctest */,
				DAB7DDCA2395C82D0033FCDD /* iDressUITests.xctest */,
			);
			name = Products;
			sourceTree = "<group>";
		};
		DAB7DDAD2395C82A0033FCDD /* iDress */ = {
			isa = PBXGroup;
			children = (
				DAB7DDAE2395C82A0033FCDD /* AppDelegate.swift */,
				DAB7DDDE2395D2250033FCDD /* Outfit.swift */,
				DAB7DDE023977D3A0033FCDD /* outfitStruct.swift */,
				DAB7DDEC239814590033FCDD /* weatherInfo.swift */,
				DAB7DDB02395C82A0033FCDD /* ViewController.swift */,
				DAB7DDDC2395CBCB0033FCDD /* PictureViewController.swift */,
				DAB7DDE22397809A0033FCDD /* QuestionViewController.swift */,
				DAB7DDE4239785DE0033FCDD /* TransitionViewController.swift */,
				DAB7DDE82397EBC10033FCDD /* VibeViewController.swift */,
				DAB7DDE623978A600033FCDD /* OutfitSelectionViewController.swift */,
				DAB7DDEA2397EDEA0033FCDD /* EndViewController.swift */,
				DAB7DDB22395C82A0033FCDD /* Main.storyboard */,
				DAB7DDB52395C82D0033FCDD /* Assets.xcassets */,
				DAB7DDB72395C82D0033FCDD /* LaunchScreen.storyboard */,
				DAB7DDBA2395C82D0033FCDD /* Info.plist */,
			);
			path = iDress;
			sourceTree = "<group>";
		};
		DAB7DDC22395C82D0033FCDD /* iDressTests */ = {
			isa = PBXGroup;
			children = (
				DAB7DDC32395C82D0033FCDD /* iDressTests.swift */,
				DAB7DDC52395C82D0033FCDD /* Info.plist */,
			);
			path = iDressTests;
			sourceTree = "<group>";
		};
		DAB7DDCD2395C82D0033FCDD /* iDressUITests */ = {
			isa = PBXGroup;
			children = (
				DAB7DDCE2395C82D0033FCDD /* iDressUITests.swift */,
				DAB7DDD02395C82D0033FCDD /* Info.plist */,
			);
			path = iDressUITests;
			sourceTree = "<group>";
		};
/* End PBXGroup section */

/* Begin PBXNativeTarget section */
		DAB7DDAA2395C82A0033FCDD /* iDress */ = {
			isa = PBXNativeTarget;
			buildConfigurationList = DAB7DDD32395C82D0033FCDD /* Build configuration list for PBXNativeTarget "iDress" */;
			buildPhases = (
				E6830A7EF7898013534B3E56 /* [CP] Check Pods Manifest.lock */,
				DAB7DDA72395C82A0033FCDD /* Sources */,
				DAB7DDA82395C82A0033FCDD /* Frameworks */,
				DAB7DDA92395C82A0033FCDD /* Resources */,
				B4C4F0B148E625DEFCFEE93A /* [CP] Embed Pods Frameworks */,
				E874DC58FEC23612221FD3CF /* [CP] Copy Pods Resources */,
			);
			buildRules = (
			);
			dependencies = (
			);
			name = iDress;
			productName = iDress;
			productReference = DAB7DDAB2395C82A0033FCDD /* iDress.app */;
			productType = "com.apple.product-type.application";
		};
		DAB7DDBE2395C82D0033FCDD /* iDressTests */ = {
			isa = PBXNativeTarget;
			buildConfigurationList = DAB7DDD62395C82D0033FCDD /* Build configuration list for PBXNativeTarget "iDressTests" */;
			buildPhases = (
				DAB7DDBB2395C82D0033FCDD /* Sources */,
				DAB7DDBC2395C82D0033FCDD /* Frameworks */,
				DAB7DDBD2395C82D0033FCDD /* Resources */,
			);
			buildRules = (
			);
			dependencies = (
				DAB7DDC12395C82D0033FCDD /* PBXTargetDependency */,
			);
			name = iDressTests;
			productName = iDressTests;
			productReference = DAB7DDBF2395C82D0033FCDD /* iDressTests.xctest */;
			productType = "com.apple.product-type.bundle.unit-test";
		};
		DAB7DDC92395C82D0033FCDD /* iDressUITests */ = {
			isa = PBXNativeTarget;
			buildConfigurationList = DAB7DDD92395C82D0033FCDD /* Build configuration list for PBXNativeTarget "iDressUITests" */;
			buildPhases = (
				DAB7DDC62395C82D0033FCDD /* Sources */,
				DAB7DDC72395C82D0033FCDD /* Frameworks */,
				DAB7DDC82395C82D0033FCDD /* Resources */,
			);
			buildRules = (
			);
			dependencies = (
				DAB7DDCC2395C82D0033FCDD /* PBXTargetDependency */,
			);
			name = iDressUITests;
			productName = iDressUITests;
			productReference = DAB7DDCA2395C82D0033FCDD /* iDressUITests.xctest */;
			productType = "com.apple.product-type.bundle.ui-testing";
		};
/* End PBXNativeTarget section */

/* Begin PBXProject section */
		DAB7DDA32395C82A0033FCDD /* Project object */ = {
			isa = PBXProject;
			attributes = {
				LastSwiftUpdateCheck = 1030;
				LastUpgradeCheck = 1030;
				ORGANIZATIONNAME = "Yinzhe Ma";
				TargetAttributes = {
					DAB7DDAA2395C82A0033FCDD = {
						CreatedOnToolsVersion = 10.3;
					};
					DAB7DDBE2395C82D0033FCDD = {
						CreatedOnToolsVersion = 10.3;
						TestTargetID = DAB7DDAA2395C82A0033FCDD;
					};
					DAB7DDC92395C82D0033FCDD = {
						CreatedOnToolsVersion = 10.3;
						TestTargetID = DAB7DDAA2395C82A0033FCDD;
					};
				};
			};
			buildConfigurationList = DAB7DDA62395C82A0033FCDD /* Build configuration list for PBXProject "iDress" */;
			compatibilityVersion = "Xcode 9.3";
			developmentRegion = en;
			hasScannedForEncodings = 0;
			knownRegions = (
				en,
				Base,
			);
			mainGroup = DAB7DDA22395C82A0033FCDD;
			productRefGroup = DAB7DDAC2395C82A0033FCDD /* Products */;
			projectDirPath = "";
			projectRoot = "";
			targets = (
				DAB7DDAA2395C82A0033FCDD /* iDress */,
				DAB7DDBE2395C82D0033FCDD /* iDressTests */,
				DAB7DDC92395C82D0033FCDD /* iDressUITests */,
			);
		};
/* End PBXProject section */

/* Begin PBXResourcesBuildPhase section */
		DAB7DDA92395C82A0033FCDD /* Resources */ = {
			isa = PBXResourcesBuildPhase;
			buildActionMask = 2147483647;
			files = (
				DAB7DDB92395C82D0033FCDD /* LaunchScreen.storyboard in Resources */,
				DAB7DDB62395C82D0033FCDD /* Assets.xcassets in Resources */,
				DAB7DDB42395C82A0033FCDD /* Main.storyboard in Resources */,
			);
			runOnlyForDeploymentPostprocessing = 0;
		};
		DAB7DDBD2395C82D0033FCDD /* Resources */ = {
			isa = PBXResourcesBuildPhase;
			buildActionMask = 2147483647;
			files = (
			);
			runOnlyForDeploymentPostprocessing = 0;
		};
		DAB7DDC82395C82D0033FCDD /* Resources */ = {
			isa = PBXResourcesBuildPhase;
			buildActionMask = 2147483647;
			files = (
			);
			runOnlyForDeploymentPostprocessing = 0;
		};
/* End PBXResourcesBuildPhase section */

/* Begin PBXShellScriptBuildPhase section */
		B4C4F0B148E625DEFCFEE93A /* [CP] Embed Pods Frameworks */ = {
			isa = PBXShellScriptBuildPhase;
			buildActionMask = 2147483647;
			files = (
			);
			inputFileListPaths = (
				"${PODS_ROOT}/Target Support Files/Pods-iDress/Pods-iDress-frameworks-${CONFIGURATION}-input-files.xcfilelist",
			);
			name = "[CP] Embed Pods Frameworks";
			outputFileListPaths = (
				"${PODS_ROOT}/Target Support Files/Pods-iDress/Pods-iDress-frameworks-${CONFIGURATION}-output-files.xcfilelist",
			);
			runOnlyForDeploymentPostprocessing = 0;
			shellPath = /bin/sh;
			shellScript = "\"${PODS_ROOT}/Target Support Files/Pods-iDress/Pods-iDress-frameworks.sh\"\n";
			showEnvVarsInLog = 0;
		};
		E6830A7EF7898013534B3E56 /* [CP] Check Pods Manifest.lock */ = {
			isa = PBXShellScriptBuildPhase;
			buildActionMask = 2147483647;
			files = (
			);
			inputFileListPaths = (
			);
			inputPaths = (
				"${PODS_PODFILE_DIR_PATH}/Podfile.lock",
				"${PODS_ROOT}/Manifest.lock",
			);
			name = "[CP] Check Pods Manifest.lock";
			outputFileListPaths = (
			);
			outputPaths = (
				"$(DERIVED_FILE_DIR)/Pods-iDress-checkManifestLockResult.txt",
			);
			runOnlyForDeploymentPostprocessing = 0;
			shellPath = /bin/sh;
			shellScript = "diff \"${PODS_PODFILE_DIR_PATH}/Podfile.lock\" \"${PODS_ROOT}/Manifest.lock\" > /dev/null\nif [ $? != 0 ] ; then\n    # print error to STDERR\n    echo \"error: The sandbox is not in sync with the Podfile.lock. Run 'pod install' or update your CocoaPods installation.\" >&2\n    exit 1\nfi\n# This output is used by Xcode 'outputs' to avoid re-running this script phase.\necho \"SUCCESS\" > \"${SCRIPT_OUTPUT_FILE_0}\"\n";
			showEnvVarsInLog = 0;
		};
		E874DC58FEC23612221FD3CF /* [CP] Copy Pods Resources */ = {
			isa = PBXShellScriptBuildPhase;
			buildActionMask = 2147483647;
			files = (
			);
			inputFileListPaths = (
				"${PODS_ROOT}/Target Support Files/Pods-iDress/Pods-iDress-resources-${CONFIGURATION}-input-files.xcfilelist",
			);
			name = "[CP] Copy Pods Resources";
			outputFileListPaths = (
				"${PODS_ROOT}/Target Support Files/Pods-iDress/Pods-iDress-resources-${CONFIGURATION}-output-files.xcfilelist",
			);
			runOnlyForDeploymentPostprocessing = 0;
			shellPath = /bin/sh;
			shellScript = "\"${PODS_ROOT}/Target Support Files/Pods-iDress/Pods-iDress-resources.sh\"\n";
			showEnvVarsInLog = 0;
		};
/* End PBXShellScriptBuildPhase section */

/* Begin PBXSourcesBuildPhase section */
		DAB7DDA72395C82A0033FCDD /* Sources */ = {
			isa = PBXSourcesBuildPhase;
			buildActionMask = 2147483647;
			files = (
				DAB7DDB12395C82A0033FCDD /* ViewController.swift in Sources */,
				DAB7DDDD2395CBCB0033FCDD /* PictureViewController.swift in Sources */,
				DAB7DDED239814590033FCDD /* weatherInfo.swift in Sources */,
				DAB7DDE32397809A0033FCDD /* QuestionViewController.swift in Sources */,
				DAB7DDDF2395D2250033FCDD /* Outfit.swift in Sources */,
				DAB7DDE123977D3A0033FCDD /* outfitStruct.swift in Sources */,
				DAB7DDE5239785DE0033FCDD /* TransitionViewController.swift in Sources */,
				DAB7DDEB2397EDEA0033FCDD /* EndViewController.swift in Sources */,
				DAB7DDE723978A600033FCDD /* OutfitSelectionViewController.swift in Sources */,
				DAB7DDAF2395C82A0033FCDD /* AppDelegate.swift in Sources */,
				DAB7DDE92397EBC10033FCDD /* VibeViewController.swift in Sources */,
			);
			runOnlyForDeploymentPostprocessing = 0;
		};
		DAB7DDBB2395C82D0033FCDD /* Sources */ = {
			isa = PBXSourcesBuildPhase;
			buildActionMask = 2147483647;
			files = (
				DAB7DDC42395C82D0033FCDD /* iDressTests.swift in Sources */,
			);
			runOnlyForDeploymentPostprocessing = 0;
		};
		DAB7DDC62395C82D0033FCDD /* Sources */ = {
			isa = PBXSourcesBuildPhase;
			buildActionMask = 2147483647;
			files = (
				DAB7DDCF2395C82D0033FCDD /* iDressUITests.swift in Sources */,
			);
			runOnlyForDeploymentPostprocessing = 0;
		};
/* End PBXSourcesBuildPhase section */

/* Begin PBXTargetDependency section */
		DAB7DDC12395C82D0033FCDD /* PBXTargetDependency */ = {
			isa = PBXTargetDependency;
			target = DAB7DDAA2395C82A0033FCDD /* iDress */;
			targetProxy = DAB7DDC02395C82D0033FCDD /* PBXContainerItemProxy */;
		};
		DAB7DDCC2395C82D0033FCDD /* PBXTargetDependency */ = {
			isa = PBXTargetDependency;
			target = DAB7DDAA2395C82A0033FCDD /* iDress */;
			targetProxy = DAB7DDCB2395C82D0033FCDD /* PBXContainerItemProxy */;
		};
/* End PBXTargetDependency section */

/* Begin PBXVariantGroup section */
		DAB7DDB22395C82A0033FCDD /* Main.storyboard */ = {
			isa = PBXVariantGroup;
			children = (
				DAB7DDB32395C82A0033FCDD /* Base */,
			);
			name = Main.storyboard;
			sourceTree = "<group>";
		};
		DAB7DDB72395C82D0033FCDD /* LaunchScreen.storyboard */ = {
			isa = PBXVariantGroup;
			children = (
				DAB7DDB82395C82D0033FCDD /* Base */,
			);
			name = LaunchScreen.storyboard;
			sourceTree = "<group>";
		};
/* End PBXVariantGroup section */

/* Begin XCBuildConfiguration section */
		DAB7DDD12395C82D0033FCDD /* Debug */ = {
			isa = XCBuildConfiguration;
			buildSettings = {
				ALWAYS_SEARCH_USER_PATHS = NO;
				CLANG_ANALYZER_NONNULL = YES;
				CLANG_ANALYZER_NUMBER_OBJECT_CONVERSION = YES_AGGRESSIVE;
				CLANG_CXX_LANGUAGE_STANDARD = "gnu++14";
				CLANG_CXX_LIBRARY = "libc++";
				CLANG_ENABLE_MODULES = YES;
				CLANG_ENABLE_OBJC_ARC = YES;
				CLANG_ENABLE_OBJC_WEAK = YES;
				CLANG_WARN_BLOCK_CAPTURE_AUTORELEASING = YES;
				CLANG_WARN_BOOL_CONVERSION = YES;
				CLANG_WARN_COMMA = YES;
				CLANG_WARN_CONSTANT_CONVERSION = YES;
				CLANG_WARN_DEPRECATED_OBJC_IMPLEMENTATIONS = YES;
				CLANG_WARN_DIRECT_OBJC_ISA_USAGE = YES_ERROR;
				CLANG_WARN_DOCUMENTATION_COMMENTS = YES;
				CLANG_WARN_EMPTY_BODY = YES;
				CLANG_WARN_ENUM_CONVERSION = YES;
				CLANG_WARN_INFINITE_RECURSION = YES;
				CLANG_WARN_INT_CONVERSION = YES;
				CLANG_WARN_NON_LITERAL_NULL_CONVERSION = YES;
				CLANG_WARN_OBJC_IMPLICIT_RETAIN_SELF = YES;
				CLANG_WARN_OBJC_LITERAL_CONVERSION = YES;
				CLANG_WARN_OBJC_ROOT_CLASS = YES_ERROR;
				CLANG_WARN_RANGE_LOOP_ANALYSIS = YES;
				CLANG_WARN_STRICT_PROTOTYPES = YES;
				CLANG_WARN_SUSPICIOUS_MOVE = YES;
				CLANG_WARN_UNGUARDED_AVAILABILITY = YES_AGGRESSIVE;
				CLANG_WARN_UNREACHABLE_CODE = YES;
				CLANG_WARN__DUPLICATE_METHOD_MATCH = YES;
				CODE_SIGN_IDENTITY = "iPhone Developer";
				COPY_PHASE_STRIP = NO;
				DEBUG_INFORMATION_FORMAT = dwarf;
				ENABLE_STRICT_OBJC_MSGSEND = YES;
				ENABLE_TESTABILITY = YES;
				GCC_C_LANGUAGE_STANDARD = gnu11;
				GCC_DYNAMIC_NO_PIC = NO;
				GCC_NO_COMMON_BLOCKS = YES;
				GCC_OPTIMIZATION_LEVEL = 0;
				GCC_PREPROCESSOR_DEFINITIONS = (
					"DEBUG=1",
					"$(inherited)",
				);
				GCC_WARN_64_TO_32_BIT_CONVERSION = YES;
				GCC_WARN_ABOUT_RETURN_TYPE = YES_ERROR;
				GCC_WARN_UNDECLARED_SELECTOR = YES;
				GCC_WARN_UNINITIALIZED_AUTOS = YES_AGGRESSIVE;
				GCC_WARN_UNUSED_FUNCTION = YES;
				GCC_WARN_UNUSED_VARIABLE = YES;
				IPHONEOS_DEPLOYMENT_TARGET = 12.4;
				MTL_ENABLE_DEBUG_INFO = INCLUDE_SOURCE;
				MTL_FAST_MATH = YES;
				ONLY_ACTIVE_ARCH = YES;
				SDKROOT = iphoneos;
				SWIFT_ACTIVE_COMPILATION_CONDITIONS = DEBUG;
				SWIFT_OPTIMIZATION_LEVEL = "-Onone";
			};
			name = Debug;
		};
		DAB7DDD22395C82D0033FCDD /* Release */ = {
			isa = XCBuildConfiguration;
			buildSettings = {
				ALWAYS_SEARCH_USER_PATHS = NO;
				CLANG_ANALYZER_NONNULL = YES;
				CLANG_ANALYZER_NUMBER_OBJECT_CONVERSION = YES_AGGRESSIVE;
				CLANG_CXX_LANGUAGE_STANDARD = "gnu++14";
				CLANG_CXX_LIBRARY = "libc++";
				CLANG_ENABLE_MODULES = YES;
				CLANG_ENABLE_OBJC_ARC = YES;
				CLANG_ENABLE_OBJC_WEAK = YES;
				CLANG_WARN_BLOCK_CAPTURE_AUTORELEASING = YES;
				CLANG_WARN_BOOL_CONVERSION = YES;
				CLANG_WARN_COMMA = YES;
				CLANG_WARN_CONSTANT_CONVERSION = YES;
				CLANG_WARN_DEPRECATED_OBJC_IMPLEMENTATIONS = YES;
				CLANG_WARN_DIRECT_OBJC_ISA_USAGE = YES_ERROR;
				CLANG_WARN_DOCUMENTATION_COMMENTS = YES;
				CLANG_WARN_EMPTY_BODY = YES;
				CLANG_WARN_ENUM_CONVERSION = YES;
				CLANG_WARN_INFINITE_RECURSION = YES;
				CLANG_WARN_INT_CONVERSION = YES;
				CLANG_WARN_NON_LITERAL_NULL_CONVERSION = YES;
				CLANG_WARN_OBJC_IMPLICIT_RETAIN_SELF = YES;
				CLANG_WARN_OBJC_LITERAL_CONVERSION = YES;
				CLANG_WARN_OBJC_ROOT_CLASS = YES_ERROR;
				CLANG_WARN_RANGE_LOOP_ANALYSIS = YES;
				CLANG_WARN_STRICT_PROTOTYPES = YES;
				CLANG_WARN_SUSPICIOUS_MOVE = YES;
				CLANG_WARN_UNGUARDED_AVAILABILITY = YES_AGGRESSIVE;
				CLANG_WARN_UNREACHABLE_CODE = YES;
				CLANG_WARN__DUPLICATE_METHOD_MATCH = YES;
				CODE_SIGN_IDENTITY = "iPhone Developer";
				COPY_PHASE_STRIP = NO;
				DEBUG_INFORMATION_FORMAT = "dwarf-with-dsym";
				ENABLE_NS_ASSERTIONS = NO;
				ENABLE_STRICT_OBJC_MSGSEND = YES;
				GCC_C_LANGUAGE_STANDARD = gnu11;
				GCC_NO_COMMON_BLOCKS = YES;
				GCC_WARN_64_TO_32_BIT_CONVERSION = YES;
				GCC_WARN_ABOUT_RETURN_TYPE = YES_ERROR;
				GCC_WARN_UNDECLARED_SELECTOR = YES;
				GCC_WARN_UNINITIALIZED_AUTOS = YES_AGGRESSIVE;
				GCC_WARN_UNUSED_FUNCTION = YES;
				GCC_WARN_UNUSED_VARIABLE = YES;
				IPHONEOS_DEPLOYMENT_TARGET = 12.4;
				MTL_ENABLE_DEBUG_INFO = NO;
				MTL_FAST_MATH = YES;
				SDKROOT = iphoneos;
				SWIFT_COMPILATION_MODE = wholemodule;
				SWIFT_OPTIMIZATION_LEVEL = "-O";
				VALIDATE_PRODUCT = YES;
			};
			name = Release;
		};
		DAB7DDD42395C82D0033FCDD /* Debug */ = {
			isa = XCBuildConfiguration;
			baseConfigurationReference = BC17152E3D1BAF0851AD839C /* Pods-iDress.debug.xcconfig */;
			buildSettings = {
				ASSETCATALOG_COMPILER_APPICON_NAME = AppIcon;
				CODE_SIGN_STYLE = Automatic;
				DEVELOPMENT_TEAM = NPLWZ8759G;
				INFOPLIST_FILE = iDress/Info.plist;
				LD_RUNPATH_SEARCH_PATHS = (
					"$(inherited)",
					"@executable_path/Frameworks",
				);
				PRODUCT_BUNDLE_IDENTIFIER = com.yinzhema.iDress;
				PRODUCT_NAME = "$(TARGET_NAME)";
				SWIFT_VERSION = 5.0;
				TARGETED_DEVICE_FAMILY = "1,2";
			};
			name = Debug;
		};
		DAB7DDD52395C82D0033FCDD /* Release */ = {
			isa = XCBuildConfiguration;
			baseConfigurationReference = FB06E5F544314EBED8FA5881 /* Pods-iDress.release.xcconfig */;
			buildSettings = {
				ASSETCATALOG_COMPILER_APPICON_NAME = AppIcon;
				CODE_SIGN_STYLE = Automatic;
				DEVELOPMENT_TEAM = NPLWZ8759G;
				INFOPLIST_FILE = iDress/Info.plist;
				LD_RUNPATH_SEARCH_PATHS = (
					"$(inherited)",
					"@executable_path/Frameworks",
				);
				PRODUCT_BUNDLE_IDENTIFIER = com.yinzhema.iDress;
				PRODUCT_NAME = "$(TARGET_NAME)";
				SWIFT_VERSION = 5.0;
				TARGETED_DEVICE_FAMILY = "1,2";
			};
			name = Release;
		};
		DAB7DDD72395C82D0033FCDD /* Debug */ = {
			isa = XCBuildConfiguration;
			buildSettings = {
				ALWAYS_EMBED_SWIFT_STANDARD_LIBRARIES = YES;
				BUNDLE_LOADER = "$(TEST_HOST)";
				CODE_SIGN_STYLE = Automatic;
				DEVELOPMENT_TEAM = NPLWZ8759G;
				INFOPLIST_FILE = iDressTests/Info.plist;
				LD_RUNPATH_SEARCH_PATHS = (
					"$(inherited)",
					"@executable_path/Frameworks",
					"@loader_path/Frameworks",
				);
				PRODUCT_BUNDLE_IDENTIFIER = com.yinzhema.iDressTests;
				PRODUCT_NAME = "$(TARGET_NAME)";
				SWIFT_VERSION = 5.0;
				TARGETED_DEVICE_FAMILY = "1,2";
				TEST_HOST = "$(BUILT_PRODUCTS_DIR)/iDress.app/iDress";
			};
			name = Debug;
		};
		DAB7DDD82395C82D0033FCDD /* Release */ = {
			isa = XCBuildConfiguration;
			buildSettings = {
				ALWAYS_EMBED_SWIFT_STANDARD_LIBRARIES = YES;
				BUNDLE_LOADER = "$(TEST_HOST)";
				CODE_SIGN_STYLE = Automatic;
				DEVELOPMENT_TEAM = NPLWZ8759G;
				INFOPLIST_FILE = iDressTests/Info.plist;
				LD_RUNPATH_SEARCH_PATHS = (
					"$(inherited)",
					"@executable_path/Frameworks",
					"@loader_path/Frameworks",
				);
				PRODUCT_BUNDLE_IDENTIFIER = com.yinzhema.iDressTests;
				PRODUCT_NAME = "$(TARGET_NAME)";
				SWIFT_VERSION = 5.0;
				TARGETED_DEVICE_FAMILY = "1,2";
				TEST_HOST = "$(BUILT_PRODUCTS_DIR)/iDress.app/iDress";
			};
			name = Release;
		};
		DAB7DDDA2395C82D0033FCDD /* Debug */ = {
			isa = XCBuildConfiguration;
			buildSettings = {
				ALWAYS_EMBED_SWIFT_STANDARD_LIBRARIES = YES;
				CODE_SIGN_STYLE = Automatic;
				DEVELOPMENT_TEAM = NPLWZ8759G;
				INFOPLIST_FILE = iDressUITests/Info.plist;
				LD_RUNPATH_SEARCH_PATHS = (
					"$(inherited)",
					"@executable_path/Frameworks",
					"@loader_path/Frameworks",
				);
				PRODUCT_BUNDLE_IDENTIFIER = com.yinzhema.iDressUITests;
				PRODUCT_NAME = "$(TARGET_NAME)";
				SWIFT_VERSION = 5.0;
				TARGETED_DEVICE_FAMILY = "1,2";
				TEST_TARGET_NAME = iDress;
			};
			name = Debug;
		};
		DAB7DDDB2395C82D0033FCDD /* Release */ = {
			isa = XCBuildConfiguration;
			buildSettings = {
				ALWAYS_EMBED_SWIFT_STANDARD_LIBRARIES = YES;
				CODE_SIGN_STYLE = Automatic;
				DEVELOPMENT_TEAM = NPLWZ8759G;
				INFOPLIST_FILE = iDressUITests/Info.plist;
				LD_RUNPATH_SEARCH_PATHS = (
					"$(inherited)",
					"@executable_path/Frameworks",
					"@loader_path/Frameworks",
				);
				PRODUCT_BUNDLE_IDENTIFIER = com.yinzhema.iDressUITests;
				PRODUCT_NAME = "$(TARGET_NAME)";
				SWIFT_VERSION = 5.0;
				TARGETED_DEVICE_FAMILY = "1,2";
				TEST_TARGET_NAME = iDress;
			};
			name = Release;
		};
/* End XCBuildConfiguration section */

/* Begin XCConfigurationList section */
		DAB7DDA62395C82A0033FCDD /* Build configuration list for PBXProject "iDress" */ = {
			isa = XCConfigurationList;
			buildConfigurations = (
				DAB7DDD12395C82D0033FCDD /* Debug */,
				DAB7DDD22395C82D0033FCDD /* Release */,
			);
			defaultConfigurationIsVisible = 0;
			defaultConfigurationName = Release;
		};
		DAB7DDD32395C82D0033FCDD /* Build configuration list for PBXNativeTarget "iDress" */ = {
			isa = XCConfigurationList;
			buildConfigurations = (
				DAB7DDD42395C82D0033FCDD /* Debug */,
				DAB7DDD52395C82D0033FCDD /* Release */,
			);
			defaultConfigurationIsVisible = 0;
			defaultConfigurationName = Release;
		};
		DAB7DDD62395C82D0033FCDD /* Build configuration list for PBXNativeTarget "iDressTests" */ = {
			isa = XCConfigurationList;
			buildConfigurations = (
				DAB7DDD72395C82D0033FCDD /* Debug */,
				DAB7DDD82395C82D0033FCDD /* Release */,
			);
			defaultConfigurationIsVisible = 0;
			defaultConfigurationName = Release;
		};
		DAB7DDD92395C82D0033FCDD /* Build configuration list for PBXNativeTarget "iDressUITests" */ = {
			isa = XCConfigurationList;
			buildConfigurations = (
				DAB7DDDA2395C82D0033FCDD /* Debug */,
				DAB7DDDB2395C82D0033FCDD /* Release */,
			);
			defaultConfigurationIsVisible = 0;
			defaultConfigurationName = Release;
		};
/* End XCConfigurationList section */
	};
	rootObject = DAB7DDA32395C82A0033FCDD /* Project object */;
}
